{
  "requires": true,
  "lockfileVersion": 1,
  "dependencies": {
    "classnames": {
      "version": "2.2.5",
      "resolved": "https://registry.npmjs.org/classnames/-/classnames-2.2.5.tgz",
      "integrity": "sha1-+zgB1FNGdknvNgPH1hoCvRKb3m0="
    },
    "react-table": {
      "version": "6.7.5",
      "resolved": "https://registry.npmjs.org/react-table/-/react-table-6.7.5.tgz",
      "integrity": "sha1-l0sm45hpMubHJPU5Ee3fo5I7eUI=",
      "requires": {
        "classnames": "2.2.5"
      }
    }
  }
}
